
Microsoft Visual Studio Solution File, Format Version 12.00
# Visual Studio Version 16
VisualStudioVersion = 16.0.31205.134
MinimumVisualStudioVersion = 10.0.40219.1
Project("{FAE04EC0-301F-11D3-BF4B-00C04F79EFBC}") = "FrontEnd", "FrontEnd\FrontEnd.csproj", "{58463828-DB28-4D5E-8E37-C93ECB4990CA}"
EndProject
Global
	GlobalSection(SolutionConfigurationPlatforms) = preSolution
		Debug|Any CPU = Debug|Any CPU
		Release|Any CPU = Release|Any CPU
	EndGlobalSection
	GlobalSection(ProjectConfigurationPlatforms) = postSolution
		{58463828-DB28-4D5E-8E37-C93ECB4990CA}.Debug|Any CPU.ActiveCfg = Debug|Any CPU
		{58463828-DB28-4D5E-8E37-C93ECB4990CA}.Debug|Any CPU.Build.0 = Debug|Any CPU
		{58463828-DB28-4D5E-8E37-C93ECB4990CA}.Release|Any CPU.ActiveCfg = Release|Any CPU
		{58463828-DB28-4D5E-8E37-C93ECB4990CA}.Release|Any CPU.Build.0 = Release|Any CPU
	EndGlobalSection
	GlobalSection(SolutionProperties) = preSolution
		HideSolutionNode = FALSE
	EndGlobalSection
	GlobalSection(ExtensibilityGlobals) = postSolution
		SolutionGuid = {C9E8BB4A-1E3C-4086-B911-A222015F2F53}
	EndGlobalSection
EndGlobal
